// !$*UTF8*$!
{
	archiveVersion = 1;
	classes = {
	};
	objectVersion = 48;
	objects = {

/* Begin PBXBuildFile section */
		A353A5BE20467C370081436A /* LoginViewController.swift in Sources */ = {isa = PBXBuildFile; fileRef = A353A5BD20467C370081436A /* LoginViewController.swift */; };
		A353A5C020467C460081436A /* RegistrationRouterViewController.swift in Sources */ = {isa = PBXBuildFile; fileRef = A353A5BF20467C460081436A /* RegistrationRouterViewController.swift */; };
		A353A5C320467C900081436A /* UserDataFirstViewController.swift in Sources */ = {isa = PBXBuildFile; fileRef = A353A5C220467C900081436A /* UserDataFirstViewController.swift */; };
		A353A5C520467C990081436A /* UserDataSecondViewController.swift in Sources */ = {isa = PBXBuildFile; fileRef = A353A5C420467C990081436A /* UserDataSecondViewController.swift */; };
		A353A5C720467CA80081436A /* UserDataThirdViewController.swift in Sources */ = {isa = PBXBuildFile; fileRef = A353A5C620467CA80081436A /* UserDataThirdViewController.swift */; };
		A3D2A2CA20453205005E9815 /* AppDelegate.swift in Sources */ = {isa = PBXBuildFile; fileRef = A3D2A2C920453205005E9815 /* AppDelegate.swift */; };
		A3D2A2CC20453205005E9815 /* ViewController.swift in Sources */ = {isa = PBXBuildFile; fileRef = A3D2A2CB20453205005E9815 /* ViewController.swift */; };
		A3D2A2CF20453205005E9815 /* Main.storyboard in Resources */ = {isa = PBXBuildFile; fileRef = A3D2A2CD20453205005E9815 /* Main.storyboard */; };
		A3D2A2D220453205005E9815 /* Hubsch.xcdatamodeld in Sources */ = {isa = PBXBuildFile; fileRef = A3D2A2D020453205005E9815 /* Hubsch.xcdatamodeld */; };
		A3D2A2D420453205005E9815 /* Assets.xcassets in Resources */ = {isa = PBXBuildFile; fileRef = A3D2A2D320453205005E9815 /* Assets.xcassets */; };
		A3D2A2D720453205005E9815 /* LaunchScreen.storyboard in Resources */ = {isa = PBXBuildFile; fileRef = A3D2A2D520453205005E9815 /* LaunchScreen.storyboard */; };
/* End PBXBuildFile section */

/* Begin PBXFileReference section */
		A353A5BD20467C370081436A /* LoginViewController.swift */ = {isa = PBXFileReference; lastKnownFileType = sourcecode.swift; path = LoginViewController.swift; sourceTree = "<group>"; };
		A353A5BF20467C460081436A /* RegistrationRouterViewController.swift */ = {isa = PBXFileReference; lastKnownFileType = sourcecode.swift; path = RegistrationRouterViewController.swift; sourceTree = "<group>"; };
		A353A5C220467C900081436A /* UserDataFirstViewController.swift */ = {isa = PBXFileReference; lastKnownFileType = sourcecode.swift; path = UserDataFirstViewController.swift; sourceTree = "<group>"; };
		A353A5C420467C990081436A /* UserDataSecondViewController.swift */ = {isa = PBXFileReference; lastKnownFileType = sourcecode.swift; path = UserDataSecondViewController.swift; sourceTree = "<group>"; };
		A353A5C620467CA80081436A /* UserDataThirdViewController.swift */ = {isa = PBXFileReference; lastKnownFileType = sourcecode.swift; path = UserDataThirdViewController.swift; sourceTree = "<group>"; };
		A3D2A2C620453205005E9815 /* Hubsch.app */ = {isa = PBXFileReference; explicitFileType = wrapper.application; includeInIndex = 0; path = Hubsch.app; sourceTree = BUILT_PRODUCTS_DIR; };
		A3D2A2C920453205005E9815 /* AppDelegate.swift */ = {isa = PBXFileReference; lastKnownFileType = sourcecode.swift; path = AppDelegate.swift; sourceTree = "<group>"; };
		A3D2A2CB20453205005E9815 /* ViewController.swift */ = {isa = PBXFileReference; lastKnownFileType = sourcecode.swift; path = ViewController.swift; sourceTree = "<group>"; };
		A3D2A2CE20453205005E9815 /* Base */ = {isa = PBXFileReference; lastKnownFileType = file.storyboard; name = Base; path = Base.lproj/Main.storyboard; sourceTree = "<group>"; };
		A3D2A2D120453205005E9815 /* Hubsch.xcdatamodel */ = {isa = PBXFileReference; lastKnownFileType = wrapper.xcdatamodel; path = Hubsch.xcdatamodel; sourceTree = "<group>"; };
		A3D2A2D320453205005E9815 /* Assets.xcassets */ = {isa = PBXFileReference; lastKnownFileType = folder.assetcatalog; path = Assets.xcassets; sourceTree = "<group>"; };
		A3D2A2D620453205005E9815 /* Base */ = {isa = PBXFileReference; lastKnownFileType = file.storyboard; name = Base; path = Base.lproj/LaunchScreen.storyboard; sourceTree = "<group>"; };
		A3D2A2D820453205005E9815 /* Info.plist */ = {isa = PBXFileReference; lastKnownFileType = text.plist.xml; path = Info.plist; sourceTree = "<group>"; };
/* End PBXFileReference section */

/* Begin PBXFrameworksBuildPhase section */
		A3D2A2C320453205005E9815 /* Frameworks */ = {
			isa = PBXFrameworksBuildPhase;
			buildActionMask = 2147483647;
			files = (
			);
			runOnlyForDeploymentPostprocessing = 0;
		};
/* End PBXFrameworksBuildPhase section */

/* Begin PBXGroup section */
		A353A5BC20467C170081436A /* ViewControllers */ = {
			isa = PBXGroup;
			children = (
				A353A5C120467C6E0081436A /* Registration */,
				A353A5BD20467C370081436A /* LoginViewController.swift */,
				A353A5BF20467C460081436A /* RegistrationRouterViewController.swift */,
			);
			path = ViewControllers;
			sourceTree = "<group>";
		};
		A353A5C120467C6E0081436A /* Registration */ = {
			isa = PBXGroup;
			children = (
				A353A5C220467C900081436A /* UserDataFirstViewController.swift */,
				A353A5C420467C990081436A /* UserDataSecondViewController.swift */,
				A353A5C620467CA80081436A /* UserDataThirdViewController.swift */,
			);
			path = Registration;
			sourceTree = "<group>";
		};
		A3D2A2BD20453205005E9815 = {
			isa = PBXGroup;
			children = (
				A3D2A2C820453205005E9815 /* Hubsch */,
				A3D2A2C720453205005E9815 /* Products */,
			);
			sourceTree = "<group>";
		};
		A3D2A2C720453205005E9815 /* Products */ = {
			isa = PBXGroup;
			children = (
				A3D2A2C620453205005E9815 /* Hubsch.app */,
			);
			name = Products;
			sourceTree = "<group>";
		};
		A3D2A2C820453205005E9815 /* Hubsch */ = {
			isa = PBXGroup;
			children = (
				A353A5BC20467C170081436A /* ViewControllers */,
				A3D2A2C920453205005E9815 /* AppDelegate.swift */,
				A3D2A2CB20453205005E9815 /* ViewController.swift */,
				A3D2A2CD20453205005E9815 /* Main.storyboard */,
				A3D2A2D320453205005E9815 /* Assets.xcassets */,
				A3D2A2D520453205005E9815 /* LaunchScreen.storyboard */,
				A3D2A2D820453205005E9815 /* Info.plist */,
				A3D2A2D020453205005E9815 /* Hubsch.xcdatamodeld */,
			);
			path = Hubsch;
			sourceTree = "<group>";
		};
/* End PBXGroup section */

/* Begin PBXNativeTarget section */
		A3D2A2C520453205005E9815 /* Hubsch */ = {
			isa = PBXNativeTarget;
			buildConfigurationList = A3D2A2DB20453205005E9815 /* Build configuration list for PBXNativeTarget "Hubsch" */;
			buildPhases = (
				A3D2A2C220453205005E9815 /* Sources */,
				A3D2A2C320453205005E9815 /* Frameworks */,
				A3D2A2C420453205005E9815 /* Resources */,
			);
			buildRules = (
			);
			dependencies = (
			);
			name = Hubsch;
			productName = Hubsch;
			productReference = A3D2A2C620453205005E9815 /* Hubsch.app */;
			productType = "com.apple.product-type.application";
		};
/* End PBXNativeTarget section */

/* Begin PBXProject section */
		A3D2A2BE20453205005E9815 /* Project object */ = {
			isa = PBXProject;
			attributes = {
				LastSwiftUpdateCheck = 0920;
				LastUpgradeCheck = 0920;
				ORGANIZATIONNAME = iPiterGroup;
				TargetAttributes = {
					A3D2A2C520453205005E9815 = {
						CreatedOnToolsVersion = 9.2;
						ProvisioningStyle = Automatic;
					};
				};
			};
			buildConfigurationList = A3D2A2C120453205005E9815 /* Build configuration list for PBXProject "Hubsch" */;
			compatibilityVersion = "Xcode 8.0";
			developmentRegion = en;
			hasScannedForEncodings = 0;
			knownRegions = (
				en,
				Base,
			);
			mainGroup = A3D2A2BD20453205005E9815;
			productRefGroup = A3D2A2C720453205005E9815 /* Products */;
			projectDirPath = "";
			projectRoot = "";
			targets = (
				A3D2A2C520453205005E9815 /* Hubsch */,
			);
		};
/* End PBXProject section */

/* Begin PBXResourcesBuildPhase section */
		A3D2A2C420453205005E9815 /* Resources */ = {
			isa = PBXResourcesBuildPhase;
			buildActionMask = 2147483647;
			files = (
				A3D2A2D720453205005E9815 /* LaunchScreen.storyboard in Resources */,
				A3D2A2D420453205005E9815 /* Assets.xcassets in Resources */,
				A3D2A2CF20453205005E9815 /* Main.storyboard in Resources */,
			);
			runOnlyForDeploymentPostprocessing = 0;
		};
/* End PBXResourcesBuildPhase section */

/* Begin PBXSourcesBuildPhase section */
		A3D2A2C220453205005E9815 /* Sources */ = {
			isa = PBXSourcesBuildPhase;
			buildActionMask = 2147483647;
			files = (
				A353A5BE20467C370081436A /* LoginViewController.swift in Sources */,
				A353A5C020467C460081436A /* RegistrationRouterViewController.swift in Sources */,
				A3D2A2CC20453205005E9815 /* ViewController.swift in Sources */,
				A3D2A2CA20453205005E9815 /* AppDelegate.swift in Sources */,
				A353A5C320467C900081436A /* UserDataFirstViewController.swift in Sources */,
				A353A5C720467CA80081436A /* UserDataThirdViewController.swift in Sources */,
				A353A5C520467C990081436A /* UserDataSecondViewController.swift in Sources */,
				A3D2A2D220453205005E9815 /* Hubsch.xcdatamodeld in Sources */,
			);
			runOnlyForDeploymentPostprocessing = 0;
		};
/* End PBXSourcesBuildPhase section */

/* Begin PBXVariantGroup section */
		A3D2A2CD20453205005E9815 /* Main.storyboard */ = {
			isa = PBXVariantGroup;
			children = (
				A3D2A2CE20453205005E9815 /* Base */,
			);
			name = Main.storyboard;
			sourceTree = "<group>";
		};
		A3D2A2D520453205005E9815 /* LaunchScreen.storyboard */ = {
			isa = PBXVariantGroup;
			children = (
				A3D2A2D620453205005E9815 /* Base */,
			);
			name = LaunchScreen.storyboard;
			sourceTree = "<group>";
		};
/* End PBXVariantGroup section */

/* Begin XCBuildConfiguration section */
		A3D2A2D920453205005E9815 /* Debug */ = {
			isa = XCBuildConfiguration;
			buildSettings = {
				ALWAYS_SEARCH_USER_PATHS = NO;
				CLANG_ANALYZER_NONNULL = YES;
				CLANG_ANALYZER_NUMBER_OBJECT_CONVERSION = YES_AGGRESSIVE;
				CLANG_CXX_LANGUAGE_STANDARD = "gnu++14";
				CLANG_CXX_LIBRARY = "libc++";
				CLANG_ENABLE_MODULES = YES;
				CLANG_ENABLE_OBJC_ARC = YES;
				CLANG_WARN_BLOCK_CAPTURE_AUTORELEASING = YES;
				CLANG_WARN_BOOL_CONVERSION = YES;
				CLANG_WARN_COMMA = YES;
				CLANG_WARN_CONSTANT_CONVERSION = YES;
				CLANG_WARN_DIRECT_OBJC_ISA_USAGE = YES_ERROR;
				CLANG_WARN_DOCUMENTATION_COMMENTS = YES;
				CLANG_WARN_EMPTY_BODY = YES;
				CLANG_WARN_ENUM_CONVERSION = YES;
				CLANG_WARN_INFINITE_RECURSION = YES;
				CLANG_WARN_INT_CONVERSION = YES;
				CLANG_WARN_NON_LITERAL_NULL_CONVERSION = YES;
				CLANG_WARN_OBJC_LITERAL_CONVERSION = YES;
				CLANG_WARN_OBJC_ROOT_CLASS = YES_ERROR;
				CLANG_WARN_RANGE_LOOP_ANALYSIS = YES;
				CLANG_WARN_STRICT_PROTOTYPES = YES;
				CLANG_WARN_SUSPICIOUS_MOVE = YES;
				CLANG_WARN_UNGUARDED_AVAILABILITY = YES_AGGRESSIVE;
				CLANG_WARN_UNREACHABLE_CODE = YES;
				CLANG_WARN__DUPLICATE_METHOD_MATCH = YES;
				CODE_SIGN_IDENTITY = "iPhone Developer";
				COPY_PHASE_STRIP = NO;
				DEBUG_INFORMATION_FORMAT = dwarf;
				ENABLE_STRICT_OBJC_MSGSEND = YES;
				ENABLE_TESTABILITY = YES;
				GCC_C_LANGUAGE_STANDARD = gnu11;
				GCC_DYNAMIC_NO_PIC = NO;
				GCC_NO_COMMON_BLOCKS = YES;
				GCC_OPTIMIZATION_LEVEL = 0;
				GCC_PREPROCESSOR_DEFINITIONS = (
					"DEBUG=1",
					"$(inherited)",
				);
				GCC_WARN_64_TO_32_BIT_CONVERSION = YES;
				GCC_WARN_ABOUT_RETURN_TYPE = YES_ERROR;
				GCC_WARN_UNDECLARED_SELECTOR = YES;
				GCC_WARN_UNINITIALIZED_AUTOS = YES_AGGRESSIVE;
				GCC_WARN_UNUSED_FUNCTION = YES;
				GCC_WARN_UNUSED_VARIABLE = YES;
				IPHONEOS_DEPLOYMENT_TARGET = 11.2;
				MTL_ENABLE_DEBUG_INFO = YES;
				ONLY_ACTIVE_ARCH = YES;
				SDKROOT = iphoneos;
				SWIFT_ACTIVE_COMPILATION_CONDITIONS = DEBUG;
				SWIFT_OPTIMIZATION_LEVEL = "-Onone";
			};
			name = Debug;
		};
		A3D2A2DA20453205005E9815 /* Release */ = {
			isa = XCBuildConfiguration;
			buildSettings = {
				ALWAYS_SEARCH_USER_PATHS = NO;
				CLANG_ANALYZER_NONNULL = YES;
				CLANG_ANALYZER_NUMBER_OBJECT_CONVERSION = YES_AGGRESSIVE;
				CLANG_CXX_LANGUAGE_STANDARD = "gnu++14";
				CLANG_CXX_LIBRARY = "libc++";
				CLANG_ENABLE_MODULES = YES;
				CLANG_ENABLE_OBJC_ARC = YES;
				CLANG_WARN_BLOCK_CAPTURE_AUTORELEASING = YES;
				CLANG_WARN_BOOL_CONVERSION = YES;
				CLANG_WARN_COMMA = YES;
				CLANG_WARN_CONSTANT_CONVERSION = YES;
				CLANG_WARN_DIRECT_OBJC_ISA_USAGE = YES_ERROR;
				CLANG_WARN_DOCUMENTATION_COMMENTS = YES;
				CLANG_WARN_EMPTY_BODY = YES;
				CLANG_WARN_ENUM_CONVERSION = YES;
				CLANG_WARN_INFINITE_RECURSION = YES;
				CLANG_WARN_INT_CONVERSION = YES;
				CLANG_WARN_NON_LITERAL_NULL_CONVERSION = YES;
				CLANG_WARN_OBJC_LITERAL_CONVERSION = YES;
				CLANG_WARN_OBJC_ROOT_CLASS = YES_ERROR;
				CLANG_WARN_RANGE_LOOP_ANALYSIS = YES;
				CLANG_WARN_STRICT_PROTOTYPES = YES;
				CLANG_WARN_SUSPICIOUS_MOVE = YES;
				CLANG_WARN_UNGUARDED_AVAILABILITY = YES_AGGRESSIVE;
				CLANG_WARN_UNREACHABLE_CODE = YES;
				CLANG_WARN__DUPLICATE_METHOD_MATCH = YES;
				CODE_SIGN_IDENTITY = "iPhone Developer";
				COPY_PHASE_STRIP = NO;
				DEBUG_INFORMATION_FORMAT = "dwarf-with-dsym";
				ENABLE_NS_ASSERTIONS = NO;
				ENABLE_STRICT_OBJC_MSGSEND = YES;
				GCC_C_LANGUAGE_STANDARD = gnu11;
				GCC_NO_COMMON_BLOCKS = YES;
				GCC_WARN_64_TO_32_BIT_CONVERSION = YES;
				GCC_WARN_ABOUT_RETURN_TYPE = YES_ERROR;
				GCC_WARN_UNDECLARED_SELECTOR = YES;
				GCC_WARN_UNINITIALIZED_AUTOS = YES_AGGRESSIVE;
				GCC_WARN_UNUSED_FUNCTION = YES;
				GCC_WARN_UNUSED_VARIABLE = YES;
				IPHONEOS_DEPLOYMENT_TARGET = 11.2;
				MTL_ENABLE_DEBUG_INFO = NO;
				SDKROOT = iphoneos;
				SWIFT_OPTIMIZATION_LEVEL = "-Owholemodule";
				VALIDATE_PRODUCT = YES;
			};
			name = Release;
		};
		A3D2A2DC20453205005E9815 /* Debug */ = {
			isa = XCBuildConfiguration;
			buildSettings = {
				ASSETCATALOG_COMPILER_APPICON_NAME = AppIcon;
				CODE_SIGN_STYLE = Automatic;
				DEVELOPMENT_TEAM = LLVYB6KLZ5;
				INFOPLIST_FILE = Hubsch/Info.plist;
				LD_RUNPATH_SEARCH_PATHS = "$(inherited) @executable_path/Frameworks";
				PRODUCT_BUNDLE_IDENTIFIER = iPG.Hubsch;
				PRODUCT_NAME = "$(TARGET_NAME)";
				SWIFT_VERSION = 4.0;
				TARGETED_DEVICE_FAMILY = "1,2";
			};
			name = Debug;
		};
		A3D2A2DD20453205005E9815 /* Release */ = {
			isa = XCBuildConfiguration;
			buildSettings = {
				ASSETCATALOG_COMPILER_APPICON_NAME = AppIcon;
				CODE_SIGN_STYLE = Automatic;
				DEVELOPMENT_TEAM = LLVYB6KLZ5;
				INFOPLIST_FILE = Hubsch/Info.plist;
				LD_RUNPATH_SEARCH_PATHS = "$(inherited) @executable_path/Frameworks";
				PRODUCT_BUNDLE_IDENTIFIER = iPG.Hubsch;
				PRODUCT_NAME = "$(TARGET_NAME)";
				SWIFT_VERSION = 4.0;
				TARGETED_DEVICE_FAMILY = "1,2";
			};
			name = Release;
		};
/* End XCBuildConfiguration section */

/* Begin XCConfigurationList section */
		A3D2A2C120453205005E9815 /* Build configuration list for PBXProject "Hubsch" */ = {
			isa = XCConfigurationList;
			buildConfigurations = (
				A3D2A2D920453205005E9815 /* Debug */,
				A3D2A2DA20453205005E9815 /* Release */,
			);
			defaultConfigurationIsVisible = 0;
			defaultConfigurationName = Release;
		};
		A3D2A2DB20453205005E9815 /* Build configuration list for PBXNativeTarget "Hubsch" */ = {
			isa = XCConfigurationList;
			buildConfigurations = (
				A3D2A2DC20453205005E9815 /* Debug */,
				A3D2A2DD20453205005E9815 /* Release */,
			);
			defaultConfigurationIsVisible = 0;
			defaultConfigurationName = Release;
		};
/* End XCConfigurationList section */

/* Begin XCVersionGroup section */
		A3D2A2D020453205005E9815 /* Hubsch.xcdatamodeld */ = {
			isa = XCVersionGroup;
			children = (
				A3D2A2D120453205005E9815 /* Hubsch.xcdatamodel */,
			);
			currentVersion = A3D2A2D120453205005E9815 /* Hubsch.xcdatamodel */;
			path = Hubsch.xcdatamodeld;
			sourceTree = "<group>";
			versionGroupType = wrapper.xcdatamodel;
		};
/* End XCVersionGroup section */
	};
	rootObject = A3D2A2BE20453205005E9815 /* Project object */;
}
